// !$*UTF8*$!
{
	archiveVersion = 1;
	classes = {
	};
	objectVersion = 51;
	objects = {

/* Begin PBXBuildFile section */
		4138F1D123B7169A00A75754 /* AppDelegate.swift in Sources */ = {isa = PBXBuildFile; fileRef = 4138F1D023B7169A00A75754 /* AppDelegate.swift */; };
		4138F1D323B7169A00A75754 /* SceneDelegate.swift in Sources */ = {isa = PBXBuildFile; fileRef = 4138F1D223B7169A00A75754 /* SceneDelegate.swift */; };
		4138F1D523B7169A00A75754 /* JokesViewController.swift in Sources */ = {isa = PBXBuildFile; fileRef = 4138F1D423B7169A00A75754 /* JokesViewController.swift */; };
		4138F1D723B7169A00A75754 /* APIViewController.swift in Sources */ = {isa = PBXBuildFile; fileRef = 4138F1D623B7169A00A75754 /* APIViewController.swift */; };
		4138F1DA23B7169A00A75754 /* Main.storyboard in Resources */ = {isa = PBXBuildFile; fileRef = 4138F1D823B7169A00A75754 /* Main.storyboard */; };
		4138F1DC23B716A000A75754 /* Assets.xcassets in Resources */ = {isa = PBXBuildFile; fileRef = 4138F1DB23B716A000A75754 /* Assets.xcassets */; };
		4138F1DF23B716A000A75754 /* LaunchScreen.storyboard in Resources */ = {isa = PBXBuildFile; fileRef = 4138F1DD23B716A000A75754 /* LaunchScreen.storyboard */; };
		4138F1E723B8F22200A75754 /* JokeModel.swift in Sources */ = {isa = PBXBuildFile; fileRef = 4138F1E623B8F22200A75754 /* JokeModel.swift */; };
		4138F1EE23B8F5B400A75754 /* JokeCell.swift in Sources */ = {isa = PBXBuildFile; fileRef = 4138F1EC23B8F5B400A75754 /* JokeCell.swift */; };
		4138F1EF23B8F5B400A75754 /* JokeCell.xib in Resources */ = {isa = PBXBuildFile; fileRef = 4138F1ED23B8F5B400A75754 /* JokeCell.xib */; };
		4138F1F123B924AC00A75754 /* NetworkService.swift in Sources */ = {isa = PBXBuildFile; fileRef = 4138F1F023B924AC00A75754 /* NetworkService.swift */; };
		522A0366AF434E74C67E835D /* Pods_ChuckNorrisJokes.framework in Frameworks */ = {isa = PBXBuildFile; fileRef = 92A1E3849ADF0A7E2AF1D48D /* Pods_ChuckNorrisJokes.framework */; };
/* End PBXBuildFile section */

/* Begin PBXFileReference section */
		4138F1CD23B7169A00A75754 /* ChuckNorrisJokes.app */ = {isa = PBXFileReference; explicitFileType = wrapper.application; includeInIndex = 0; path = ChuckNorrisJokes.app; sourceTree = BUILT_PRODUCTS_DIR; };
		4138F1D023B7169A00A75754 /* AppDelegate.swift */ = {isa = PBXFileReference; lastKnownFileType = sourcecode.swift; path = AppDelegate.swift; sourceTree = "<group>"; };
		4138F1D223B7169A00A75754 /* SceneDelegate.swift */ = {isa = PBXFileReference; lastKnownFileType = sourcecode.swift; path = SceneDelegate.swift; sourceTree = "<group>"; };
		4138F1D423B7169A00A75754 /* JokesViewController.swift */ = {isa = PBXFileReference; lastKnownFileType = sourcecode.swift; path = JokesViewController.swift; sourceTree = "<group>"; xcLanguageSpecificationIdentifier = xcode.lang.glsl; };
		4138F1D623B7169A00A75754 /* APIViewController.swift */ = {isa = PBXFileReference; lastKnownFileType = sourcecode.swift; path = APIViewController.swift; sourceTree = "<group>"; };
		4138F1D923B7169A00A75754 /* Base */ = {isa = PBXFileReference; lastKnownFileType = file.storyboard; name = Base; path = Base.lproj/Main.storyboard; sourceTree = "<group>"; };
		4138F1DB23B716A000A75754 /* Assets.xcassets */ = {isa = PBXFileReference; lastKnownFileType = folder.assetcatalog; path = Assets.xcassets; sourceTree = "<group>"; };
		4138F1DE23B716A000A75754 /* Base */ = {isa = PBXFileReference; lastKnownFileType = file.storyboard; name = Base; path = Base.lproj/LaunchScreen.storyboard; sourceTree = "<group>"; };
		4138F1E023B716A000A75754 /* Info.plist */ = {isa = PBXFileReference; lastKnownFileType = text.plist.xml; path = Info.plist; sourceTree = "<group>"; };
		4138F1E623B8F22200A75754 /* JokeModel.swift */ = {isa = PBXFileReference; lastKnownFileType = sourcecode.swift; path = JokeModel.swift; sourceTree = "<group>"; };
		4138F1EC23B8F5B400A75754 /* JokeCell.swift */ = {isa = PBXFileReference; lastKnownFileType = sourcecode.swift; path = JokeCell.swift; sourceTree = "<group>"; };
		4138F1ED23B8F5B400A75754 /* JokeCell.xib */ = {isa = PBXFileReference; lastKnownFileType = file.xib; path = JokeCell.xib; sourceTree = "<group>"; };
		4138F1F023B924AC00A75754 /* NetworkService.swift */ = {isa = PBXFileReference; lastKnownFileType = sourcecode.swift; path = NetworkService.swift; sourceTree = "<group>"; };
		92A1E3849ADF0A7E2AF1D48D /* Pods_ChuckNorrisJokes.framework */ = {isa = PBXFileReference; explicitFileType = wrapper.framework; includeInIndex = 0; path = Pods_ChuckNorrisJokes.framework; sourceTree = BUILT_PRODUCTS_DIR; };
		92EB29942B8E5D81E9117929 /* Pods-ChuckNorrisJokes.debug.xcconfig */ = {isa = PBXFileReference; includeInIndex = 1; lastKnownFileType = text.xcconfig; name = "Pods-ChuckNorrisJokes.debug.xcconfig"; path = "Target Support Files/Pods-ChuckNorrisJokes/Pods-ChuckNorrisJokes.debug.xcconfig"; sourceTree = "<group>"; };
		DF13B07D4E9F174D7422F77A /* Pods-ChuckNorrisJokes.release.xcconfig */ = {isa = PBXFileReference; includeInIndex = 1; lastKnownFileType = text.xcconfig; name = "Pods-ChuckNorrisJokes.release.xcconfig"; path = "Target Support Files/Pods-ChuckNorrisJokes/Pods-ChuckNorrisJokes.release.xcconfig"; sourceTree = "<group>"; };
/* End PBXFileReference section */

/* Begin PBXFrameworksBuildPhase section */
		4138F1CA23B7169A00A75754 /* Frameworks */ = {
			isa = PBXFrameworksBuildPhase;
			buildActionMask = 2147483647;
			files = (
				522A0366AF434E74C67E835D /* Pods_ChuckNorrisJokes.framework in Frameworks */,
			);
			runOnlyForDeploymentPostprocessing = 0;
		};
/* End PBXFrameworksBuildPhase section */

/* Begin PBXGroup section */
		0FF7ECF32780376B2E574464 /* Frameworks */ = {
			isa = PBXGroup;
			children = (
				92A1E3849ADF0A7E2AF1D48D /* Pods_ChuckNorrisJokes.framework */,
			);
			name = Frameworks;
			sourceTree = "<group>";
		};
		331FCBC1E457C6A305342BBA /* Pods */ = {
			isa = PBXGroup;
			children = (
				92EB29942B8E5D81E9117929 /* Pods-ChuckNorrisJokes.debug.xcconfig */,
				DF13B07D4E9F174D7422F77A /* Pods-ChuckNorrisJokes.release.xcconfig */,
			);
			path = Pods;
			sourceTree = "<group>";
		};
		4138F1C423B7169A00A75754 = {
			isa = PBXGroup;
			children = (
				4138F1CF23B7169A00A75754 /* ChuckNorrisJokes */,
				4138F1CE23B7169A00A75754 /* Products */,
				331FCBC1E457C6A305342BBA /* Pods */,
				0FF7ECF32780376B2E574464 /* Frameworks */,
			);
			sourceTree = "<group>";
		};
		4138F1CE23B7169A00A75754 /* Products */ = {
			isa = PBXGroup;
			children = (
				4138F1CD23B7169A00A75754 /* ChuckNorrisJokes.app */,
			);
			name = Products;
			sourceTree = "<group>";
		};
		4138F1CF23B7169A00A75754 /* ChuckNorrisJokes */ = {
			isa = PBXGroup;
			children = (
				41E989CF23B9C7FC006729D1 /* App */,
				41E989CE23B9C7D5006729D1 /* Models */,
				41E989CB23B9C72D006729D1 /* View */,
				41E989CC23B9C781006729D1 /* Controllers */,
				41E989CD23B9C7B7006729D1 /* Services */,
				4138F1E023B716A000A75754 /* Info.plist */,
			);
			path = ChuckNorrisJokes;
			sourceTree = "<group>";
		};
		41E989CB23B9C72D006729D1 /* View */ = {
			isa = PBXGroup;
			children = (
				4138F1EC23B8F5B400A75754 /* JokeCell.swift */,
				4138F1ED23B8F5B400A75754 /* JokeCell.xib */,
				4138F1D823B7169A00A75754 /* Main.storyboard */,
			);
			path = View;
			sourceTree = "<group>";
		};
		41E989CC23B9C781006729D1 /* Controllers */ = {
			isa = PBXGroup;
			children = (
				4138F1D423B7169A00A75754 /* JokesViewController.swift */,
				4138F1D623B7169A00A75754 /* APIViewController.swift */,
			);
			path = Controllers;
			sourceTree = "<group>";
		};
		41E989CD23B9C7B7006729D1 /* Services */ = {
			isa = PBXGroup;
			children = (
				4138F1F023B924AC00A75754 /* NetworkService.swift */,
			);
			path = Services;
			sourceTree = "<group>";
		};
		41E989CE23B9C7D5006729D1 /* Models */ = {
			isa = PBXGroup;
			children = (
				4138F1E623B8F22200A75754 /* JokeModel.swift */,
			);
			path = Models;
			sourceTree = "<group>";
		};
		41E989CF23B9C7FC006729D1 /* App */ = {
			isa = PBXGroup;
			children = (
				4138F1D023B7169A00A75754 /* AppDelegate.swift */,
				4138F1D223B7169A00A75754 /* SceneDelegate.swift */,
				4138F1DB23B716A000A75754 /* Assets.xcassets */,
				4138F1DD23B716A000A75754 /* LaunchScreen.storyboard */,
			);
			path = App;
			sourceTree = "<group>";
		};
/* End PBXGroup section */

/* Begin PBXNativeTarget section */
		4138F1CC23B7169A00A75754 /* ChuckNorrisJokes */ = {
			isa = PBXNativeTarget;
			buildConfigurationList = 4138F1E323B716A000A75754 /* Build configuration list for PBXNativeTarget "ChuckNorrisJokes" */;
			buildPhases = (
				1D9C052F2CB432B0816055AC /* [CP] Check Pods Manifest.lock */,
				4138F1C923B7169A00A75754 /* Sources */,
				4138F1CA23B7169A00A75754 /* Frameworks */,
				4138F1CB23B7169A00A75754 /* Resources */,
				8EA99AB8A33ADA68DC53A78A /* [CP] Embed Pods Frameworks */,
			);
			buildRules = (
			);
			dependencies = (
			);
			name = ChuckNorrisJokes;
			productName = ChuckNorrisJokes;
			productReference = 4138F1CD23B7169A00A75754 /* ChuckNorrisJokes.app */;
			productType = "com.apple.product-type.application";
		};
/* End PBXNativeTarget section */

/* Begin PBXProject section */
		4138F1C523B7169A00A75754 /* Project object */ = {
			isa = PBXProject;
			attributes = {
				LastSwiftUpdateCheck = 1130;
				LastUpgradeCheck = 1130;
				ORGANIZATIONNAME = "Andrei Kucherenko";
				TargetAttributes = {
					4138F1CC23B7169A00A75754 = {
						CreatedOnToolsVersion = 11.3;
					};
				};
			};
			buildConfigurationList = 4138F1C823B7169A00A75754 /* Build configuration list for PBXProject "ChuckNorrisJokes" */;
			compatibilityVersion = "Xcode 9.3";
			developmentRegion = en;
			hasScannedForEncodings = 0;
			knownRegions = (
				en,
				Base,
			);
			mainGroup = 4138F1C423B7169A00A75754;
			productRefGroup = 4138F1CE23B7169A00A75754 /* Products */;
			projectDirPath = "";
			projectRoot = "";
			targets = (
				4138F1CC23B7169A00A75754 /* ChuckNorrisJokes */,
			);
		};
/* End PBXProject section */

/* Begin PBXResourcesBuildPhase section */
		4138F1CB23B7169A00A75754 /* Resources */ = {
			isa = PBXResourcesBuildPhase;
			buildActionMask = 2147483647;
			files = (
				4138F1DF23B716A000A75754 /* LaunchScreen.storyboard in Resources */,
				4138F1DC23B716A000A75754 /* Assets.xcassets in Resources */,
				4138F1EF23B8F5B400A75754 /* JokeCell.xib in Resources */,
				4138F1DA23B7169A00A75754 /* Main.storyboard in Resources */,
			);
			runOnlyForDeploymentPostprocessing = 0;
		};
/* End PBXResourcesBuildPhase section */

/* Begin PBXShellScriptBuildPhase section */
		1D9C052F2CB432B0816055AC /* [CP] Check Pods Manifest.lock */ = {
			isa = PBXShellScriptBuildPhase;
			buildActionMask = 2147483647;
			files = (
			);
			inputFileListPaths = (
			);
			inputPaths = (
				"${PODS_PODFILE_DIR_PATH}/Podfile.lock",
				"${PODS_ROOT}/Manifest.lock",
			);
			name = "[CP] Check Pods Manifest.lock";
			outputFileListPaths = (
			);
			outputPaths = (
				"$(DERIVED_FILE_DIR)/Pods-ChuckNorrisJokes-checkManifestLockResult.txt",
			);
			runOnlyForDeploymentPostprocessing = 0;
			shellPath = /bin/sh;
			shellScript = "diff \"${PODS_PODFILE_DIR_PATH}/Podfile.lock\" \"${PODS_ROOT}/Manifest.lock\" > /dev/null\nif [ $? != 0 ] ; then\n    # print error to STDERR\n    echo \"error: The sandbox is not in sync with the Podfile.lock. Run 'pod install' or update your CocoaPods installation.\" >&2\n    exit 1\nfi\n# This output is used by Xcode 'outputs' to avoid re-running this script phase.\necho \"SUCCESS\" > \"${SCRIPT_OUTPUT_FILE_0}\"\n";
			showEnvVarsInLog = 0;
		};
		8EA99AB8A33ADA68DC53A78A /* [CP] Embed Pods Frameworks */ = {
			isa = PBXShellScriptBuildPhase;
			buildActionMask = 2147483647;
			files = (
			);
			inputFileListPaths = (
				"${PODS_ROOT}/Target Support Files/Pods-ChuckNorrisJokes/Pods-ChuckNorrisJokes-frameworks-${CONFIGURATION}-input-files.xcfilelist",
			);
			name = "[CP] Embed Pods Frameworks";
			outputFileListPaths = (
				"${PODS_ROOT}/Target Support Files/Pods-ChuckNorrisJokes/Pods-ChuckNorrisJokes-frameworks-${CONFIGURATION}-output-files.xcfilelist",
			);
			runOnlyForDeploymentPostprocessing = 0;
			shellPath = /bin/sh;
			shellScript = "\"${PODS_ROOT}/Target Support Files/Pods-ChuckNorrisJokes/Pods-ChuckNorrisJokes-frameworks.sh\"\n";
			showEnvVarsInLog = 0;
		};
/* End PBXShellScriptBuildPhase section */

/* Begin PBXSourcesBuildPhase section */
		4138F1C923B7169A00A75754 /* Sources */ = {
			isa = PBXSourcesBuildPhase;
			buildActionMask = 2147483647;
			files = (
				4138F1D723B7169A00A75754 /* APIViewController.swift in Sources */,
				4138F1D523B7169A00A75754 /* JokesViewController.swift in Sources */,
				4138F1EE23B8F5B400A75754 /* JokeCell.swift in Sources */,
				4138F1E723B8F22200A75754 /* JokeModel.swift in Sources */,
				4138F1D123B7169A00A75754 /* AppDelegate.swift in Sources */,
				4138F1D323B7169A00A75754 /* SceneDelegate.swift in Sources */,
				4138F1F123B924AC00A75754 /* NetworkService.swift in Sources */,
			);
			runOnlyForDeploymentPostprocessing = 0;
		};
/* End PBXSourcesBuildPhase section */

/* Begin PBXVariantGroup section */
		4138F1D823B7169A00A75754 /* Main.storyboard */ = {
			isa = PBXVariantGroup;
			children = (
				4138F1D923B7169A00A75754 /* Base */,
			);
			name = Main.storyboard;
			sourceTree = "<group>";
		};
		4138F1DD23B716A000A75754 /* LaunchScreen.storyboard */ = {
			isa = PBXVariantGroup;
			children = (
				4138F1DE23B716A000A75754 /* Base */,
			);
			name = LaunchScreen.storyboard;
			sourceTree = "<group>";
		};
/* End PBXVariantGroup section */

/* Begin XCBuildConfiguration section */
		4138F1E123B716A000A75754 /* Debug */ = {
			isa = XCBuildConfiguration;
			buildSettings = {
				ALWAYS_SEARCH_USER_PATHS = NO;
				CLANG_ANALYZER_NONNULL = YES;
				CLANG_ANALYZER_NUMBER_OBJECT_CONVERSION = YES_AGGRESSIVE;
				CLANG_CXX_LANGUAGE_STANDARD = "gnu++14";
				CLANG_CXX_LIBRARY = "libc++";
				CLANG_ENABLE_MODULES = YES;
				CLANG_ENABLE_OBJC_ARC = YES;
				CLANG_ENABLE_OBJC_WEAK = YES;
				CLANG_WARN_BLOCK_CAPTURE_AUTORELEASING = YES;
				CLANG_WARN_BOOL_CONVERSION = YES;
				CLANG_WARN_COMMA = YES;
				CLANG_WARN_CONSTANT_CONVERSION = YES;
				CLANG_WARN_DEPRECATED_OBJC_IMPLEMENTATIONS = YES;
				CLANG_WARN_DIRECT_OBJC_ISA_USAGE = YES_ERROR;
				CLANG_WARN_DOCUMENTATION_COMMENTS = YES;
				CLANG_WARN_EMPTY_BODY = YES;
				CLANG_WARN_ENUM_CONVERSION = YES;
				CLANG_WARN_INFINITE_RECURSION = YES;
				CLANG_WARN_INT_CONVERSION = YES;
				CLANG_WARN_NON_LITERAL_NULL_CONVERSION = YES;
				CLANG_WARN_OBJC_IMPLICIT_RETAIN_SELF = YES;
				CLANG_WARN_OBJC_LITERAL_CONVERSION = YES;
				CLANG_WARN_OBJC_ROOT_CLASS = YES_ERROR;
				CLANG_WARN_RANGE_LOOP_ANALYSIS = YES;
				CLANG_WARN_STRICT_PROTOTYPES = YES;
				CLANG_WARN_SUSPICIOUS_MOVE = YES;
				CLANG_WARN_UNGUARDED_AVAILABILITY = YES_AGGRESSIVE;
				CLANG_WARN_UNREACHABLE_CODE = YES;
				CLANG_WARN__DUPLICATE_METHOD_MATCH = YES;
				COPY_PHASE_STRIP = NO;
				DEBUG_INFORMATION_FORMAT = dwarf;
				ENABLE_STRICT_OBJC_MSGSEND = YES;
				ENABLE_TESTABILITY = YES;
				GCC_C_LANGUAGE_STANDARD = gnu11;
				GCC_DYNAMIC_NO_PIC = NO;
				GCC_NO_COMMON_BLOCKS = YES;
				GCC_OPTIMIZATION_LEVEL = 0;
				GCC_PREPROCESSOR_DEFINITIONS = (
					"DEBUG=1",
					"$(inherited)",
				);
				GCC_WARN_64_TO_32_BIT_CONVERSION = YES;
				GCC_WARN_ABOUT_RETURN_TYPE = YES_ERROR;
				GCC_WARN_UNDECLARED_SELECTOR = YES;
				GCC_WARN_UNINITIALIZED_AUTOS = YES_AGGRESSIVE;
				GCC_WARN_UNUSED_FUNCTION = YES;
				GCC_WARN_UNUSED_VARIABLE = YES;
				IPHONEOS_DEPLOYMENT_TARGET = 13.2;
				MTL_ENABLE_DEBUG_INFO = INCLUDE_SOURCE;
				MTL_FAST_MATH = YES;
				ONLY_ACTIVE_ARCH = YES;
				SDKROOT = iphoneos;
				SWIFT_ACTIVE_COMPILATION_CONDITIONS = DEBUG;
				SWIFT_OPTIMIZATION_LEVEL = "-Onone";
			};
			name = Debug;
		};
		4138F1E223B716A000A75754 /* Release */ = {
			isa = XCBuildConfiguration;
			buildSettings = {
				ALWAYS_SEARCH_USER_PATHS = NO;
				CLANG_ANALYZER_NONNULL = YES;
				CLANG_ANALYZER_NUMBER_OBJECT_CONVERSION = YES_AGGRESSIVE;
				CLANG_CXX_LANGUAGE_STANDARD = "gnu++14";
				CLANG_CXX_LIBRARY = "libc++";
				CLANG_ENABLE_MODULES = YES;
				CLANG_ENABLE_OBJC_ARC = YES;
				CLANG_ENABLE_OBJC_WEAK = YES;
				CLANG_WARN_BLOCK_CAPTURE_AUTORELEASING = YES;
				CLANG_WARN_BOOL_CONVERSION = YES;
				CLANG_WARN_COMMA = YES;
				CLANG_WARN_CONSTANT_CONVERSION = YES;
				CLANG_WARN_DEPRECATED_OBJC_IMPLEMENTATIONS = YES;
				CLANG_WARN_DIRECT_OBJC_ISA_USAGE = YES_ERROR;
				CLANG_WARN_DOCUMENTATION_COMMENTS = YES;
				CLANG_WARN_EMPTY_BODY = YES;
				CLANG_WARN_ENUM_CONVERSION = YES;
				CLANG_WARN_INFINITE_RECURSION = YES;
				CLANG_WARN_INT_CONVERSION = YES;
				CLANG_WARN_NON_LITERAL_NULL_CONVERSION = YES;
				CLANG_WARN_OBJC_IMPLICIT_RETAIN_SELF = YES;
				CLANG_WARN_OBJC_LITERAL_CONVERSION = YES;
				CLANG_WARN_OBJC_ROOT_CLASS = YES_ERROR;
				CLANG_WARN_RANGE_LOOP_ANALYSIS = YES;
				CLANG_WARN_STRICT_PROTOTYPES = YES;
				CLANG_WARN_SUSPICIOUS_MOVE = YES;
				CLANG_WARN_UNGUARDED_AVAILABILITY = YES_AGGRESSIVE;
				CLANG_WARN_UNREACHABLE_CODE = YES;
				CLANG_WARN__DUPLICATE_METHOD_MATCH = YES;
				COPY_PHASE_STRIP = NO;
				DEBUG_INFORMATION_FORMAT = "dwarf-with-dsym";
				ENABLE_NS_ASSERTIONS = NO;
				ENABLE_STRICT_OBJC_MSGSEND = YES;
				GCC_C_LANGUAGE_STANDARD = gnu11;
				GCC_NO_COMMON_BLOCKS = YES;
				GCC_WARN_64_TO_32_BIT_CONVERSION = YES;
				GCC_WARN_ABOUT_RETURN_TYPE = YES_ERROR;
				GCC_WARN_UNDECLARED_SELECTOR = YES;
				GCC_WARN_UNINITIALIZED_AUTOS = YES_AGGRESSIVE;
				GCC_WARN_UNUSED_FUNCTION = YES;
				GCC_WARN_UNUSED_VARIABLE = YES;
				IPHONEOS_DEPLOYMENT_TARGET = 13.2;
				MTL_ENABLE_DEBUG_INFO = NO;
				MTL_FAST_MATH = YES;
				SDKROOT = iphoneos;
				SWIFT_COMPILATION_MODE = wholemodule;
				SWIFT_OPTIMIZATION_LEVEL = "-O";
				VALIDATE_PRODUCT = YES;
			};
			name = Release;
		};
		4138F1E423B716A000A75754 /* Debug */ = {
			isa = XCBuildConfiguration;
			baseConfigurationReference = 92EB29942B8E5D81E9117929 /* Pods-ChuckNorrisJokes.debug.xcconfig */;
			buildSettings = {
				ASSETCATALOG_COMPILER_APPICON_NAME = AppIcon;
				CODE_SIGN_STYLE = Automatic;
				DEVELOPMENT_TEAM = 4HXMJ53PD8;
				INFOPLIST_FILE = ChuckNorrisJokes/Info.plist;
				IPHONEOS_DEPLOYMENT_TARGET = 10.0;
				LD_RUNPATH_SEARCH_PATHS = (
					"$(inherited)",
					"@executable_path/Frameworks",
				);
				PRODUCT_BUNDLE_IDENTIFIER = HomeNet.ChuckNorrisJokes;
				PRODUCT_NAME = "$(TARGET_NAME)";
				SWIFT_VERSION = 5.0;
				TARGETED_DEVICE_FAMILY = "1,2";
			};
			name = Debug;
		};
		4138F1E523B716A000A75754 /* Release */ = {
			isa = XCBuildConfiguration;
			baseConfigurationReference = DF13B07D4E9F174D7422F77A /* Pods-ChuckNorrisJokes.release.xcconfig */;
			buildSettings = {
				ASSETCATALOG_COMPILER_APPICON_NAME = AppIcon;
				CODE_SIGN_STYLE = Automatic;
				DEVELOPMENT_TEAM = 4HXMJ53PD8;
				INFOPLIST_FILE = ChuckNorrisJokes/Info.plist;
				IPHONEOS_DEPLOYMENT_TARGET = 10.0;
				LD_RUNPATH_SEARCH_PATHS = (
					"$(inherited)",
					"@executable_path/Frameworks",
				);
				PRODUCT_BUNDLE_IDENTIFIER = HomeNet.ChuckNorrisJokes;
				PRODUCT_NAME = "$(TARGET_NAME)";
				SWIFT_VERSION = 5.0;
				TARGETED_DEVICE_FAMILY = "1,2";
			};
			name = Release;
		};
/* End XCBuildConfiguration section */

/* Begin XCConfigurationList section */
		4138F1C823B7169A00A75754 /* Build configuration list for PBXProject "ChuckNorrisJokes" */ = {
			isa = XCConfigurationList;
			buildConfigurations = (
				4138F1E123B716A000A75754 /* Debug */,
				4138F1E223B716A000A75754 /* Release */,
			);
			defaultConfigurationIsVisible = 0;
			defaultConfigurationName = Release;
		};
		4138F1E323B716A000A75754 /* Build configuration list for PBXNativeTarget "ChuckNorrisJokes" */ = {
			isa = XCConfigurationList;
			buildConfigurations = (
				4138F1E423B716A000A75754 /* Debug */,
				4138F1E523B716A000A75754 /* Release */,
			);
			defaultConfigurationIsVisible = 0;
			defaultConfigurationName = Release;
		};
/* End XCConfigurationList section */
	};
	rootObject = 4138F1C523B7169A00A75754 /* Project object */;
}
